
Microsoft Visual Studio Solution File, Format Version 12.00
# Visual Studio Version 17
VisualStudioVersion = 17.13.35919.96 d17.13
MinimumVisualStudioVersion = 10.0.40219.1
Project("{FAE04EC0-301F-11D3-BF4B-00C04F79EFBC}") = "api_expenes_flutter", "api_expenes_flutter.csproj", "{A329B895-EFC5-4121-8EF4-EED46CB5B3AA}"
EndProject
Global
	GlobalSection(SolutionConfigurationPlatforms) = preSolution
		Debug|Any CPU = Debug|Any CPU
		Release|Any CPU = Release|Any CPU
	EndGlobalSection
	GlobalSection(ProjectConfigurationPlatforms) = postSolution
		{A329B895-EFC5-4121-8EF4-EED46CB5B3AA}.Debug|Any CPU.ActiveCfg = Debug|Any CPU
		{A329B895-EFC5-4121-8EF4-EED46CB5B3AA}.Debug|Any CPU.Build.0 = Debug|Any CPU
		{A329B895-EFC5-4121-8EF4-EED46CB5B3AA}.Release|Any CPU.ActiveCfg = Release|Any CPU
		{A329B895-EFC5-4121-8EF4-EED46CB5B3AA}.Release|Any CPU.Build.0 = Release|Any CPU
	EndGlobalSection
	GlobalSection(SolutionProperties) = preSolution
		HideSolutionNode = FALSE
	EndGlobalSection
	GlobalSection(ExtensibilityGlobals) = postSolution
		SolutionGuid = {B2418333-56F5-4ACC-B191-9BE322453ABE}
	EndGlobalSection
EndGlobal
